{
  "name": "japaneselearning",
  "version": "1.0.0",
  "lockfileVersion": 2,
  "requires": true,
  "packages": {
    "": {
      "name": "japaneselearning",
      "version": "1.0.0",
      "license": "ISC",
      "dependencies": {
        "talkify-tts": "^3.9.1"
      }
    },
    "node_modules/talkify-tts": {
      "version": "3.9.1",
      "resolved": "https://registry.npmjs.org/talkify-tts/-/talkify-tts-3.9.1.tgz",
      "integrity": "sha512-pEeYZxFaBZQzxnn1iOXIwuLpFgy+vScSyfqLaP5OlNPklcOcBmqiCz6wuivjbL1Q9csR0mOIJlHDcgNG46zjYw=="
    }
  },
  "dependencies": {
    "talkify-tts": {
      "version": "3.9.1",
      "resolved": "https://registry.npmjs.org/talkify-tts/-/talkify-tts-3.9.1.tgz",
      "integrity": "sha512-pEeYZxFaBZQzxnn1iOXIwuLpFgy+vScSyfqLaP5OlNPklcOcBmqiCz6wuivjbL1Q9csR0mOIJlHDcgNG46zjYw=="
    }
  }
}
